# This file is automatically @generated by Cargo.
# It is not intended for manual editing.
[[package]]
name = "wasi"
version = "0.10.0+wasi-snapshot-preview1"
source = "registry+https://github.com/rust-lang/crates.io-index"
checksum = "1a143597ca7c7793eff794def352d41792a93c481eb1042423ff7ff72ba2c31f"

[[package]]
name = "wasi-tests"
version = "0.1.0"
dependencies = [
 "wasi",
]
